{
  "version": 4,
  "terraform_version": "1.5.5",
  "serial": 53,
  "lineage": "143f62a3-8c10-ce71-2416-d22d92f2b472",
  "outputs": {},
  "resources": [
    {
      "mode": "managed",
      "type": "local_file",
      "name": "name_resource",
      "provider": "provider[\"registry.terraform.io/hashicorp/local\"]",
      "instances": [
        {
          "schema_version": 0,
          "attributes": {
            "content": "\n \n ",
            "content_base64": null,
            "content_base64sha256": "/wmSzyS0rMzcLpMQA1XmIsaI/+ZjbBNNhuDFtvlrB44=",
            "content_base64sha512": "JTrVWRYyQ55McRdDaUKqftuc2/LAZH+yyTn2ba/84kbLVKwFDNnT+N3EdEEGoo3qxK5hrl5fUkki5U/nFpp9dA==",
            "content_md5": "d406ad8006cdc4aad33279a84a120db6",
            "content_sha1": "60f92ae7e1109dd0c1817b4c4d167af7e913153b",
            "content_sha256": "ff0992cf24b4acccdc2e93100355e622c688ffe6636c134d86e0c5b6f96b078e",
            "content_sha512": "253ad5591632439e4c7117436942aa7edb9cdbf2c0647fb2c939f66daffce246cb54ac050cd9d3f8ddc4744106a28deac4ae61ae5e5f524922e54fe7169a7d74",
            "directory_permission": "0777",
            "file_permission": "0777",
            "filename": "hello.txt",
            "id": "60f92ae7e1109dd0c1817b4c4d167af7e913153b",
            "sensitive_content": null,
            "source": null
          },
          "sensitive_attributes": []
        }
      ]
    }
  ],
  "check_results": null
}
