{
  "version": 4,
  "terraform_version": "1.5.5",
  "serial": 90,
  "lineage": "143f62a3-8c10-ce71-2416-d22d92f2b472",
  "outputs": {},
  "resources": [
    {
      "mode": "managed",
      "type": "local_file",
      "name": "name_resource",
      "provider": "provider[\"registry.terraform.io/hashicorp/local\"]",
      "instances": [
        {
          "schema_version": 0,
          "attributes": {
            "content": "Harshit",
            "content_base64": null,
            "content_base64sha256": "SgADNpF3556R5Uk4B8drDg18DOxzuEy/Pd1fILYKlOI=",
            "content_base64sha512": "7l7mhvAVe+ktPunTU8aH12QoPXDFF5COO1r0Z6jb823hH7D3AU17RxBT7yeUyE7XP/8DASfwdzPK8qUXL2Lfdw==",
            "content_md5": "f2bc0b7fdf5f5bfe63f4324c11350df3",
            "content_sha1": "6db592bb7edfab47fb6a6566fec481525ba07853",
            "content_sha256": "4a0003369177e79e91e5493807c76b0e0d7c0cec73b84cbf3ddd5f20b60a94e2",
            "content_sha512": "ee5ee686f0157be92d3ee9d353c687d764283d70c517908e3b5af467a8dbf36de11fb0f7014d7b471053ef2794c84ed73fff030127f07733caf2a5172f62df77",
            "directory_permission": "0777",
            "file_permission": "0777",
            "filename": "file.txt",
            "id": "6db592bb7edfab47fb6a6566fec481525ba07853",
            "sensitive_content": null,
            "source": null
          },
          "sensitive_attributes": []
        }
      ]
    }
  ],
  "check_results": null
}
