{
  "version": 4,
  "terraform_version": "1.5.5",
  "serial": 56,
  "lineage": "143f62a3-8c10-ce71-2416-d22d92f2b472",
  "outputs": {},
  "resources": [
    {
      "mode": "managed",
      "type": "local_file",
      "name": "name_resource",
      "provider": "provider[\"registry.terraform.io/hashicorp/local\"]",
      "instances": [
        {
          "schema_version": 0,
          "attributes": {
            "content": "Harshit \n 20\n cloudeq",
            "content_base64": null,
            "content_base64sha256": "FihILudfF/fls+YDY6x8aODUZOfvu8KKjUetbxGCVeQ=",
            "content_base64sha512": "01D3lAcVKbNpFTcOGfnuDD3+bgxcq7YFHb4wXS7i7dQIZhNoG9u2zb5F8VqrBjMOMizNevudEId14/DUkveNHg==",
            "content_md5": "e5e6c480236d00542faf6245530d53be",
            "content_sha1": "af85b70c1f43a01a30e7b9852320457787173737",
            "content_sha256": "1628482ee75f17f7e5b3e60363ac7c68e0d464e7efbbc28a8d47ad6f118255e4",
            "content_sha512": "d350f794071529b36915370e19f9ee0c3dfe6e0c5cabb6051dbe305d2ee2edd4086613681bdbb6cdbe45f15aab06330e322ccd7afb9d108775e3f0d492f78d1e",
            "directory_permission": "0777",
            "file_permission": "0777",
            "filename": "file.txt",
            "id": "af85b70c1f43a01a30e7b9852320457787173737",
            "sensitive_content": null,
            "source": null
          },
          "sensitive_attributes": []
        }
      ]
    }
  ],
  "check_results": null
}
