{
  "version": 4,
  "terraform_version": "1.5.5",
  "serial": 93,
  "lineage": "143f62a3-8c10-ce71-2416-d22d92f2b472",
  "outputs": {},
  "resources": [
    {
      "mode": "managed",
      "type": "local_file",
      "name": "name_resource",
      "provider": "provider[\"registry.terraform.io/hashicorp/local\"]",
      "instances": [
        {
          "schema_version": 0,
          "attributes": {
            "content": "78",
            "content_base64": null,
            "content_base64sha256": "NJxBIBti24URkmZcUEs1D/mMa0X7YqiiFh94tlNNjek=",
            "content_base64sha512": "SHqpdYhoH3fv0hKjG1nEXQhx9AZOsXDtmVu+R7+29Fsu1PuncGaL3G1aRqmmiWJdS8hmEtzrYXVg0seVeiZBJQ==",
            "content_md5": "35f4a8d465e6e1edc05f3d8ab658c551",
            "content_sha1": "eb4ac3033e8ab3591e0fcefa8c26ce3fd36d5a0f",
            "content_sha256": "349c41201b62db851192665c504b350ff98c6b45fb62a8a2161f78b6534d8de9",
            "content_sha512": "487aa97588681f77efd212a31b59c45d0871f4064eb170ed995bbe47bfb6f45b2ed4fba770668bdc6d5a46a9a689625d4bc86612dceb617560d2c7957a264125",
            "directory_permission": "0777",
            "file_permission": "0777",
            "filename": "file.txt",
            "id": "eb4ac3033e8ab3591e0fcefa8c26ce3fd36d5a0f",
            "sensitive_content": null,
            "source": null
          },
          "sensitive_attributes": []
        }
      ]
    }
  ],
  "check_results": null
}
